
Microsoft Visual Studio Solution File, Format Version 12.00
# Visual Studio Version 17
VisualStudioVersion = 17.0.31912.275
MinimumVisualStudioVersion = 10.0.40219.1
Project("{9A19103F-16F7-4668-BE54-9A1E7A4F7556}") = "Northwind MVC", "Exercice Intégré\Northwind MVC.csproj", "{7DFA0C7A-8C6C-4756-95CF-521AE9C60F54}"
EndProject
Project("{9A19103F-16F7-4668-BE54-9A1E7A4F7556}") = "Northwind API", "Northwind API\Northwind API.csproj", "{7F696118-B2DE-4091-B405-6B283674971E}"
EndProject
Global
	GlobalSection(SolutionConfigurationPlatforms) = preSolution
		Debug|Any CPU = Debug|Any CPU
		Release|Any CPU = Release|Any CPU
	EndGlobalSection
	GlobalSection(ProjectConfigurationPlatforms) = postSolution
		{7DFA0C7A-8C6C-4756-95CF-521AE9C60F54}.Debug|Any CPU.ActiveCfg = Debug|Any CPU
		{7DFA0C7A-8C6C-4756-95CF-521AE9C60F54}.Debug|Any CPU.Build.0 = Debug|Any CPU
		{7DFA0C7A-8C6C-4756-95CF-521AE9C60F54}.Release|Any CPU.ActiveCfg = Release|Any CPU
		{7DFA0C7A-8C6C-4756-95CF-521AE9C60F54}.Release|Any CPU.Build.0 = Release|Any CPU
		{7F696118-B2DE-4091-B405-6B283674971E}.Debug|Any CPU.ActiveCfg = Debug|Any CPU
		{7F696118-B2DE-4091-B405-6B283674971E}.Debug|Any CPU.Build.0 = Debug|Any CPU
		{7F696118-B2DE-4091-B405-6B283674971E}.Release|Any CPU.ActiveCfg = Release|Any CPU
		{7F696118-B2DE-4091-B405-6B283674971E}.Release|Any CPU.Build.0 = Release|Any CPU
	EndGlobalSection
	GlobalSection(SolutionProperties) = preSolution
		HideSolutionNode = FALSE
	EndGlobalSection
	GlobalSection(ExtensibilityGlobals) = postSolution
		SolutionGuid = {91C1D5A7-B0FF-44FB-8161-79B9634729E8}
	EndGlobalSection
EndGlobal
